{
  "name": "xjtlu-unofficial-guide",
  "version": "0.2.0",
  "lockfileVersion": 3,
  "requires": true,
  "packages": {
    "": {
      "name": "xjtlu-unofficial-guide",
      "version": "0.2.0",
      "dependencies": {
        "@information-community/core": "file:vendor/information-community-core-0.3.0.tgz",
        "@information-community/runtime": "file:vendor/information-community-runtime-0.3.0-branches.tgz"
      },
      "engines": {
        "node": ">=24.12.0 <25"
      }
    },
    "node_modules/@information-community/core": {
      "version": "0.3.0",
      "resolved": "file:vendor/information-community-core-0.3.0.tgz",
      "integrity": "sha512-FxmNJ4QU1RGDaKSp6OpNvPQsZM5CcbJ+1YGC0ezekmZDUhjyD5y1tQJRzsof4ob8eEZvHfZTBHVfNTG2viSuhQ==",
      "license": "MIT",
      "engines": {
        "node": ">=22.13.0"
      }
    },
    "node_modules/@information-community/runtime": {
      "version": "0.3.0",
      "resolved": "file:vendor/information-community-runtime-0.3.0-branches.tgz",
      "integrity": "sha512-ROiv9qXWVxEeA7AW9+xCFbwzygDIv0a0O58dQZ3JcSu+zzYnyzh0yeBVuIGJMEdmP1f3j95/HpLz0L5ZdHylTw==",
      "license": "MIT",
      "dependencies": {
        "@information-community/core": "0.2.x || 0.3.x"
      },
      "bin": {
        "community-runtime": "cli.mjs"
      },
      "engines": {
        "node": ">=24.12.0 <25"
      }
    }
  }
}
