{
  "name": "xjtlu-unofficial-guide",
  "version": "0.2.0",
  "lockfileVersion": 3,
  "requires": true,
  "packages": {
    "": {
      "name": "xjtlu-unofficial-guide",
      "version": "0.2.0",
      "dependencies": {
        "@information-community/core": "file:vendor/information-community-core-0.2.0.tgz",
        "@information-community/runtime": "file:vendor/information-community-runtime-0.3.0.tgz"
      },
      "engines": {
        "node": ">=24.12.0 <25"
      }
    },
    "node_modules/@information-community/core": {
      "version": "0.2.0",
      "resolved": "file:vendor/information-community-core-0.2.0.tgz",
      "integrity": "sha512-NktxSRSdwhJso+bHOxFt2di2K7zKq9QE5lI4RvhS9r/EfZizKAfZHymyrgK1rS3oDxx+SAZFkB5fIFFCuzqQ9g==",
      "license": "MIT",
      "engines": {
        "node": ">=22.13.0"
      }
    },
    "node_modules/@information-community/runtime": {
      "version": "0.3.0",
      "resolved": "file:vendor/information-community-runtime-0.3.0.tgz",
      "integrity": "sha512-jDelCeoVFOUDNoVPFlOB4htDWRLM9VkEFZ+WX7Hy0mPMCcL1tNQcJwaa03NutEEqcXb6HBCmRHKEwcVV3+f9Nw==",
      "license": "MIT",
      "dependencies": {
        "@information-community/core": "0.2.0"
      },
      "bin": {
        "community-runtime": "cli.mjs"
      },
      "engines": {
        "node": ">=24.12.0 <25"
      }
    }
  }
}
